// !$*UTF8*$!
{
	archiveVersion = 1;
	classes = {
	};
	objectVersion = 46;
	objects = {

/* Begin PBXBuildFile section */
		15A8A4441834C43700142BE0 /* libchipmunk iOS.a in Frameworks */ = {isa = PBXBuildFile; fileRef = 15A8A4291834BDA200142BE0 /* libchipmunk iOS.a */; };
		15A8A4451834C43700142BE0 /* libcocos2dx iOS.a in Frameworks */ = {isa = PBXBuildFile; fileRef = 15A8A4251834BDA200142BE0 /* libcocos2dx iOS.a */; };
		15A8A4461834C43700142BE0 /* libcocos2dx-extensions iOS.a in Frameworks */ = {isa = PBXBuildFile; fileRef = 15A8A4271834BDA200142BE0 /* libcocos2dx-extensions iOS.a */; };
		15A8A4471834C43700142BE0 /* libCocosDenshion iOS.a in Frameworks */ = {isa = PBXBuildFile; fileRef = 15A8A42D1834BDA200142BE0 /* libCocosDenshion iOS.a */; };
		15A8A4491834C64F00142BE0 /* Icon-114.png in Resources */ = {isa = PBXBuildFile; fileRef = 5023810C17EBBCAC00990C9B /* Icon-114.png */; };
		15A8A4821834C73500142BE0 /* libchipmunk Mac.a in Frameworks */ = {isa = PBXBuildFile; fileRef = 15A8A41B1834BDA200142BE0 /* libchipmunk Mac.a */; };
		15A8A4831834C73500142BE0 /* libcocos2dx Mac.a in Frameworks */ = {isa = PBXBuildFile; fileRef = 15A8A4171834BDA200142BE0 /* libcocos2dx Mac.a */; };
		15A8A4841834C73500142BE0 /* libcocos2dx-extensions Mac.a in Frameworks */ = {isa = PBXBuildFile; fileRef = 15A8A4191834BDA200142BE0 /* libcocos2dx-extensions Mac.a */; };
		15A8A4851834C73500142BE0 /* libCocosDenshion Mac.a in Frameworks */ = {isa = PBXBuildFile; fileRef = 15A8A41F1834BDA200142BE0 /* libCocosDenshion Mac.a */; };
		15A8A4881834C90F00142BE0 /* libcurl.dylib in Frameworks */ = {isa = PBXBuildFile; fileRef = 15A8A4871834C90E00142BE0 /* libcurl.dylib */; };
		1AF4C403178663F200122817 /* libz.dylib in Frameworks */ = {isa = PBXBuildFile; fileRef = 1AF4C402178663F200122817 /* libz.dylib */; };
		5023811817EBBCAC00990C9B /* AppController.mm in Sources */ = {isa = PBXBuildFile; fileRef = 5023810817EBBCAC00990C9B /* AppController.mm */; };
		5023811917EBBCAC00990C9B /* Default-568h@2x.png in Resources */ = {isa = PBXBuildFile; fileRef = 5023810917EBBCAC00990C9B /* Default-568h@2x.png */; };
		5023811A17EBBCAC00990C9B /* Default.png in Resources */ = {isa = PBXBuildFile; fileRef = 5023810A17EBBCAC00990C9B /* Default.png */; };
		5023811B17EBBCAC00990C9B /* Default@2x.png in Resources */ = {isa = PBXBuildFile; fileRef = 5023810B17EBBCAC00990C9B /* Default@2x.png */; };
		5023811D17EBBCAC00990C9B /* Icon-120.png in Resources */ = {isa = PBXBuildFile; fileRef = 5023810D17EBBCAC00990C9B /* Icon-120.png */; };
		5023811E17EBBCAC00990C9B /* Icon-144.png in Resources */ = {isa = PBXBuildFile; fileRef = 5023810E17EBBCAC00990C9B /* Icon-144.png */; };
		5023811F17EBBCAC00990C9B /* Icon-152.png in Resources */ = {isa = PBXBuildFile; fileRef = 5023810F17EBBCAC00990C9B /* Icon-152.png */; };
		5023812017EBBCAC00990C9B /* Icon-57.png in Resources */ = {isa = PBXBuildFile; fileRef = 5023811017EBBCAC00990C9B /* Icon-57.png */; };
		5023812117EBBCAC00990C9B /* Icon-72.png in Resources */ = {isa = PBXBuildFile; fileRef = 5023811117EBBCAC00990C9B /* Icon-72.png */; };
		5023812217EBBCAC00990C9B /* Icon-76.png in Resources */ = {isa = PBXBuildFile; fileRef = 5023811217EBBCAC00990C9B /* Icon-76.png */; };
		5023812417EBBCAC00990C9B /* main.m in Sources */ = {isa = PBXBuildFile; fileRef = 5023811417EBBCAC00990C9B /* main.m */; };
		5023812517EBBCAC00990C9B /* RootViewController.mm in Sources */ = {isa = PBXBuildFile; fileRef = 5023811717EBBCAC00990C9B /* RootViewController.mm */; };
		5023813317EBBCE400990C9B /* AppDelegate.cpp in Sources */ = {isa = PBXBuildFile; fileRef = F293BB7E15EB831F00256477 /* AppDelegate.cpp */; };
		5023813717EBBCE400990C9B /* libz.dylib in Frameworks */ = {isa = PBXBuildFile; fileRef = 1AF4C402178663F200122817 /* libz.dylib */; };
		5023813E17EBBCE400990C9B /* QuartzCore.framework in Frameworks */ = {isa = PBXBuildFile; fileRef = F293B3CC15EB7BE500256477 /* QuartzCore.framework */; };
		5023814017EBBCE400990C9B /* OpenAL.framework in Frameworks */ = {isa = PBXBuildFile; fileRef = F293B3D015EB7BE500256477 /* OpenAL.framework */; };
		5023814117EBBCE400990C9B /* AudioToolbox.framework in Frameworks */ = {isa = PBXBuildFile; fileRef = F293B3D215EB7BE500256477 /* AudioToolbox.framework */; };
		5023814217EBBCE400990C9B /* AVFoundation.framework in Frameworks */ = {isa = PBXBuildFile; fileRef = F293B3D415EB7BE500256477 /* AVFoundation.framework */; };
		5023814417EBBCE400990C9B /* Foundation.framework in Frameworks */ = {isa = PBXBuildFile; fileRef = F293B3D815EB7BE500256477 /* Foundation.framework */; };
		5023814517EBBCE400990C9B /* CoreGraphics.framework in Frameworks */ = {isa = PBXBuildFile; fileRef = F293B3DA15EB7BE500256477 /* CoreGraphics.framework */; };
		5023817617EBBE3400990C9B /* Icon.icns in Resources */ = {isa = PBXBuildFile; fileRef = 5023817217EBBE3400990C9B /* Icon.icns */; };
		5023817A17EBBE8300990C9B /* OpenGLES.framework in Frameworks */ = {isa = PBXBuildFile; fileRef = 5023817917EBBE8300990C9B /* OpenGLES.framework */; };
		50805AAF17EBBEAA004CFAD3 /* UIKit.framework in Frameworks */ = {isa = PBXBuildFile; fileRef = 50805AAE17EBBEAA004CFAD3 /* UIKit.framework */; };
		5091733617ECE17A00D62437 /* Icon-29.png in Resources */ = {isa = PBXBuildFile; fileRef = 5091733017ECE17A00D62437 /* Icon-29.png */; };
		5091733717ECE17A00D62437 /* Icon-40.png in Resources */ = {isa = PBXBuildFile; fileRef = 5091733117ECE17A00D62437 /* Icon-40.png */; };
		5091733817ECE17A00D62437 /* Icon-50.png in Resources */ = {isa = PBXBuildFile; fileRef = 5091733217ECE17A00D62437 /* Icon-50.png */; };
		5091733917ECE17A00D62437 /* Icon-58.png in Resources */ = {isa = PBXBuildFile; fileRef = 5091733317ECE17A00D62437 /* Icon-58.png */; };
		5091733A17ECE17A00D62437 /* Icon-80.png in Resources */ = {isa = PBXBuildFile; fileRef = 5091733417ECE17A00D62437 /* Icon-80.png */; };
		5091733B17ECE17A00D62437 /* Icon-100.png in Resources */ = {isa = PBXBuildFile; fileRef = 5091733517ECE17A00D62437 /* Icon-100.png */; };
		50D7C96C17EBBEDF005D0B91 /* OpenGL.framework in Frameworks */ = {isa = PBXBuildFile; fileRef = 50D7C96B17EBBEDF005D0B91 /* OpenGL.framework */; };
		50D7C96E17EBBEE6005D0B91 /* AppKit.framework in Frameworks */ = {isa = PBXBuildFile; fileRef = 50D7C96D17EBBEE6005D0B91 /* AppKit.framework */; };
		50D7C97017EBBEEC005D0B91 /* IOKit.framework in Frameworks */ = {isa = PBXBuildFile; fileRef = 50D7C96F17EBBEEC005D0B91 /* IOKit.framework */; };
		C03781B918BF655400FE4F13 /* res in Resources */ = {isa = PBXBuildFile; fileRef = C03781B718BF655400FE4F13 /* res */; };
		C03781BA18BF655400FE4F13 /* res in Resources */ = {isa = PBXBuildFile; fileRef = C03781B718BF655400FE4F13 /* res */; };
		C03781BB18BF655400FE4F13 /* src in Resources */ = {isa = PBXBuildFile; fileRef = C03781B818BF655400FE4F13 /* src */; };
		C03781BC18BF655400FE4F13 /* src in Resources */ = {isa = PBXBuildFile; fileRef = C03781B818BF655400FE4F13 /* src */; };
		C03781CF18BF656A00FE4F13 /* AudioEngine.lua in Resources */ = {isa = PBXBuildFile; fileRef = C03781BD18BF656900FE4F13 /* AudioEngine.lua */; };
		C03781D018BF656A00FE4F13 /* AudioEngine.lua in Resources */ = {isa = PBXBuildFile; fileRef = C03781BD18BF656900FE4F13 /* AudioEngine.lua */; };
		C03781D118BF656A00FE4F13 /* CCBReaderLoad.lua in Resources */ = {isa = PBXBuildFile; fileRef = C03781BE18BF656900FE4F13 /* CCBReaderLoad.lua */; };
		C03781D218BF656A00FE4F13 /* CCBReaderLoad.lua in Resources */ = {isa = PBXBuildFile; fileRef = C03781BE18BF656900FE4F13 /* CCBReaderLoad.lua */; };
		C03781D318BF656A00FE4F13 /* Cocos2d.lua in Resources */ = {isa = PBXBuildFile; fileRef = C03781BF18BF656900FE4F13 /* Cocos2d.lua */; };
		C03781D418BF656A00FE4F13 /* Cocos2d.lua in Resources */ = {isa = PBXBuildFile; fileRef = C03781BF18BF656900FE4F13 /* Cocos2d.lua */; };
		C03781D518BF656A00FE4F13 /* Cocos2dConstants.lua in Resources */ = {isa = PBXBuildFile; fileRef = C03781C018BF656900FE4F13 /* Cocos2dConstants.lua */; };
		C03781D618BF656A00FE4F13 /* Cocos2dConstants.lua in Resources */ = {isa = PBXBuildFile; fileRef = C03781C018BF656900FE4F13 /* Cocos2dConstants.lua */; };
		C03781D718BF656A00FE4F13 /* CocoStudio.lua in Resources */ = {isa = PBXBuildFile; fileRef = C03781C118BF656900FE4F13 /* CocoStudio.lua */; };
		C03781D818BF656A00FE4F13 /* CocoStudio.lua in Resources */ = {isa = PBXBuildFile; fileRef = C03781C118BF656900FE4F13 /* CocoStudio.lua */; };
		C03781D918BF656A00FE4F13 /* Deprecated.lua in Resources */ = {isa = PBXBuildFile; fileRef = C03781C218BF656900FE4F13 /* Deprecated.lua */; };
		C03781DA18BF656A00FE4F13 /* Deprecated.lua in Resources */ = {isa = PBXBuildFile; fileRef = C03781C218BF656900FE4F13 /* Deprecated.lua */; };
		C03781DB18BF656A00FE4F13 /* DeprecatedClass.lua in Resources */ = {isa = PBXBuildFile; fileRef = C03781C318BF656900FE4F13 /* DeprecatedClass.lua */; };
		C03781DC18BF656A00FE4F13 /* DeprecatedClass.lua in Resources */ = {isa = PBXBuildFile; fileRef = C03781C318BF656900FE4F13 /* DeprecatedClass.lua */; };
		C03781DD18BF656A00FE4F13 /* DeprecatedEnum.lua in Resources */ = {isa = PBXBuildFile; fileRef = C03781C418BF656A00FE4F13 /* DeprecatedEnum.lua */; };
		C03781DE18BF656A00FE4F13 /* DeprecatedEnum.lua in Resources */ = {isa = PBXBuildFile; fileRef = C03781C418BF656A00FE4F13 /* DeprecatedEnum.lua */; };
		C03781DF18BF656A00FE4F13 /* DeprecatedOpenglEnum.lua in Resources */ = {isa = PBXBuildFile; fileRef = C03781C518BF656A00FE4F13 /* DeprecatedOpenglEnum.lua */; };
		C03781E018BF656A00FE4F13 /* DeprecatedOpenglEnum.lua in Resources */ = {isa = PBXBuildFile; fileRef = C03781C518BF656A00FE4F13 /* DeprecatedOpenglEnum.lua */; };
		C03781E118BF656A00FE4F13 /* DrawPrimitives.lua in Resources */ = {isa = PBXBuildFile; fileRef = C03781C618BF656A00FE4F13 /* DrawPrimitives.lua */; };
		C03781E218BF656A00FE4F13 /* DrawPrimitives.lua in Resources */ = {isa = PBXBuildFile; fileRef = C03781C618BF656A00FE4F13 /* DrawPrimitives.lua */; };
		C03781E318BF656A00FE4F13 /* extern.lua in Resources */ = {isa = PBXBuildFile; fileRef = C03781C718BF656A00FE4F13 /* extern.lua */; };
		C03781E418BF656A00FE4F13 /* extern.lua in Resources */ = {isa = PBXBuildFile; fileRef = C03781C718BF656A00FE4F13 /* extern.lua */; };
		C03781E518BF656A00FE4F13 /* GuiConstants.lua in Resources */ = {isa = PBXBuildFile; fileRef = C03781C818BF656A00FE4F13 /* GuiConstants.lua */; };
		C03781E618BF656A00FE4F13 /* GuiConstants.lua in Resources */ = {isa = PBXBuildFile; fileRef = C03781C818BF656A00FE4F13 /* GuiConstants.lua */; };
		C03781E718BF656A00FE4F13 /* json.lua in Resources */ = {isa = PBXBuildFile; fileRef = C03781C918BF656A00FE4F13 /* json.lua */; };
		C03781E818BF656A00FE4F13 /* json.lua in Resources */ = {isa = PBXBuildFile; fileRef = C03781C918BF656A00FE4F13 /* json.lua */; };
		C03781E918BF656A00FE4F13 /* luaj.lua in Resources */ = {isa = PBXBuildFile; fileRef = C03781CA18BF656A00FE4F13 /* luaj.lua */; };
		C03781EA18BF656A00FE4F13 /* luaj.lua in Resources */ = {isa = PBXBuildFile; fileRef = C03781CA18BF656A00FE4F13 /* luaj.lua */; };
		C03781EB18BF656A00FE4F13 /* luaoc.lua in Resources */ = {isa = PBXBuildFile; fileRef = C03781CB18BF656A00FE4F13 /* luaoc.lua */; };
		C03781EC18BF656A00FE4F13 /* luaoc.lua in Resources */ = {isa = PBXBuildFile; fileRef = C03781CB18BF656A00FE4F13 /* luaoc.lua */; };
		C03781ED18BF656A00FE4F13 /* Opengl.lua in Resources */ = {isa = PBXBuildFile; fileRef = C03781CC18BF656A00FE4F13 /* Opengl.lua */; };
		C03781EE18BF656A00FE4F13 /* Opengl.lua in Resources */ = {isa = PBXBuildFile; fileRef = C03781CC18BF656A00FE4F13 /* Opengl.lua */; };
		C03781EF18BF656A00FE4F13 /* OpenglConstants.lua in Resources */ = {isa = PBXBuildFile; fileRef = C03781CD18BF656A00FE4F13 /* OpenglConstants.lua */; };
		C03781F018BF656A00FE4F13 /* OpenglConstants.lua in Resources */ = {isa = PBXBuildFile; fileRef = C03781CD18BF656A00FE4F13 /* OpenglConstants.lua */; };
		C03781F118BF656A00FE4F13 /* StudioConstants.lua in Resources */ = {isa = PBXBuildFile; fileRef = C03781CE18BF656A00FE4F13 /* StudioConstants.lua */; };
		C03781F218BF656A00FE4F13 /* StudioConstants.lua in Resources */ = {isa = PBXBuildFile; fileRef = C03781CE18BF656A00FE4F13 /* StudioConstants.lua */; };
		C03781F518BF65A900FE4F13 /* libluabindings Mac.a in Frameworks */ = {isa = PBXBuildFile; fileRef = C03781B418BF654500FE4F13 /* libluabindings Mac.a */; };
		C03781F618BF65B100FE4F13 /* libluabindings iOS.a in Frameworks */ = {isa = PBXBuildFile; fileRef = C03781B618BF654500FE4F13 /* libluabindings iOS.a */; };
		C0619CD71896894800872C26 /* Runtime_ios-mac.mm in Sources */ = {isa = PBXBuildFile; fileRef = C0619CD61896894800872C26 /* Runtime_ios-mac.mm */; };
		C0619CD81896894800872C26 /* Runtime_ios-mac.mm in Sources */ = {isa = PBXBuildFile; fileRef = C0619CD61896894800872C26 /* Runtime_ios-mac.mm */; };
		C07828F818B4D72E00BD2287 /* main.m in Sources */ = {isa = PBXBuildFile; fileRef = C07828F418B4D72E00BD2287 /* main.m */; };
		C07828F918B4D72E00BD2287 /* MainMenu.xib in Resources */ = {isa = PBXBuildFile; fileRef = C07828F518B4D72E00BD2287 /* MainMenu.xib */; };
		C07828FA18B4D72E00BD2287 /* SimulatorApp.mm in Sources */ = {isa = PBXBuildFile; fileRef = C07828F718B4D72E00BD2287 /* SimulatorApp.mm */; };
		C07828FD18B4DC6F00BD2287 /* Runtime.cpp in Sources */ = {isa = PBXBuildFile; fileRef = C07828FB18B4DC6F00BD2287 /* Runtime.cpp */; };
		C07828FE18B4DC7000BD2287 /* Runtime.cpp in Sources */ = {isa = PBXBuildFile; fileRef = C07828FB18B4DC6F00BD2287 /* Runtime.cpp */; };
		C08D5D5618E567C6009071A4 /* ftp.lua in Resources */ = {isa = PBXBuildFile; fileRef = C08D5D4C18E567C6009071A4 /* ftp.lua */; };
		C08D5D5718E567C6009071A4 /* ftp.lua in Resources */ = {isa = PBXBuildFile; fileRef = C08D5D4C18E567C6009071A4 /* ftp.lua */; };
		C08D5D5818E567C6009071A4 /* headers.lua in Resources */ = {isa = PBXBuildFile; fileRef = C08D5D4D18E567C6009071A4 /* headers.lua */; };
		C08D5D5918E567C6009071A4 /* headers.lua in Resources */ = {isa = PBXBuildFile; fileRef = C08D5D4D18E567C6009071A4 /* headers.lua */; };
		C08D5D5A18E567C6009071A4 /* http.lua in Resources */ = {isa = PBXBuildFile; fileRef = C08D5D4E18E567C6009071A4 /* http.lua */; };
		C08D5D5B18E567C6009071A4 /* http.lua in Resources */ = {isa = PBXBuildFile; fileRef = C08D5D4E18E567C6009071A4 /* http.lua */; };
		C08D5D5C18E567C6009071A4 /* ltn12.lua in Resources */ = {isa = PBXBuildFile; fileRef = C08D5D4F18E567C6009071A4 /* ltn12.lua */; };
		C08D5D5D18E567C6009071A4 /* ltn12.lua in Resources */ = {isa = PBXBuildFile; fileRef = C08D5D4F18E567C6009071A4 /* ltn12.lua */; };
		C08D5D5E18E567C6009071A4 /* mbox.lua in Resources */ = {isa = PBXBuildFile; fileRef = C08D5D5018E567C6009071A4 /* mbox.lua */; };
		C08D5D5F18E567C6009071A4 /* mbox.lua in Resources */ = {isa = PBXBuildFile; fileRef = C08D5D5018E567C6009071A4 /* mbox.lua */; };
		C08D5D6018E567C6009071A4 /* mime.lua in Resources */ = {isa = PBXBuildFile; fileRef = C08D5D5118E567C6009071A4 /* mime.lua */; };
		C08D5D6118E567C6009071A4 /* mime.lua in Resources */ = {isa = PBXBuildFile; fileRef = C08D5D5118E567C6009071A4 /* mime.lua */; };
		C08D5D6218E567C6009071A4 /* smtp.lua in Resources */ = {isa = PBXBuildFile; fileRef = C08D5D5218E567C6009071A4 /* smtp.lua */; };
		C08D5D6318E567C6009071A4 /* smtp.lua in Resources */ = {isa = PBXBuildFile; fileRef = C08D5D5218E567C6009071A4 /* smtp.lua */; };
		C08D5D6418E567C6009071A4 /* socket.lua in Resources */ = {isa = PBXBuildFile; fileRef = C08D5D5318E567C6009071A4 /* socket.lua */; };
		C08D5D6518E567C6009071A4 /* socket.lua in Resources */ = {isa = PBXBuildFile; fileRef = C08D5D5318E567C6009071A4 /* socket.lua */; };
		C08D5D6618E567C6009071A4 /* tp.lua in Resources */ = {isa = PBXBuildFile; fileRef = C08D5D5418E567C6009071A4 /* tp.lua */; };
		C08D5D6718E567C6009071A4 /* tp.lua in Resources */ = {isa = PBXBuildFile; fileRef = C08D5D5418E567C6009071A4 /* tp.lua */; };
		C08D5D6818E567C6009071A4 /* url.lua in Resources */ = {isa = PBXBuildFile; fileRef = C08D5D5518E567C6009071A4 /* url.lua */; };
		C08D5D6918E567C6009071A4 /* url.lua in Resources */ = {isa = PBXBuildFile; fileRef = C08D5D5518E567C6009071A4 /* url.lua */; };
		C09BA7E718BC929700A85A3E /* WorkSpaceDialog.xib in Resources */ = {isa = PBXBuildFile; fileRef = C09BA7E418BC929700A85A3E /* WorkSpaceDialog.xib */; };
		C09BA7E818BC929700A85A3E /* WorkSpaceDialogController.mm in Sources */ = {isa = PBXBuildFile; fileRef = C09BA7E618BC929700A85A3E /* WorkSpaceDialogController.mm */; };
		C09BA7EE18BCA49600A85A3E /* NSAppSheetAdditions.m in Sources */ = {isa = PBXBuildFile; fileRef = C09BA7ED18BCA49600A85A3E /* NSAppSheetAdditions.m */; };
		D6B061351803AC000077942B /* CoreMotion.framework in Frameworks */ = {isa = PBXBuildFile; fileRef = D6B061341803AC000077942B /* CoreMotion.framework */; };
		F293B3CD15EB7BE500256477 /* QuartzCore.framework in Frameworks */ = {isa = PBXBuildFile; fileRef = F293B3CC15EB7BE500256477 /* QuartzCore.framework */; };
		F293B3D115EB7BE500256477 /* OpenAL.framework in Frameworks */ = {isa = PBXBuildFile; fileRef = F293B3D015EB7BE500256477 /* OpenAL.framework */; };
		F293B3D315EB7BE500256477 /* AudioToolbox.framework in Frameworks */ = {isa = PBXBuildFile; fileRef = F293B3D215EB7BE500256477 /* AudioToolbox.framework */; };
		F293B3D515EB7BE500256477 /* AVFoundation.framework in Frameworks */ = {isa = PBXBuildFile; fileRef = F293B3D415EB7BE500256477 /* AVFoundation.framework */; };
		F293B3D915EB7BE500256477 /* Foundation.framework in Frameworks */ = {isa = PBXBuildFile; fileRef = F293B3D815EB7BE500256477 /* Foundation.framework */; };
		F293B3DB15EB7BE500256477 /* CoreGraphics.framework in Frameworks */ = {isa = PBXBuildFile; fileRef = F293B3DA15EB7BE500256477 /* CoreGraphics.framework */; };
		F293BB9C15EB831F00256477 /* AppDelegate.cpp in Sources */ = {isa = PBXBuildFile; fileRef = F293BB7E15EB831F00256477 /* AppDelegate.cpp */; };
/* End PBXBuildFile section */

/* Begin PBXContainerItemProxy section */
		15A8A4161834BDA200142BE0 /* PBXContainerItemProxy */ = {
			isa = PBXContainerItemProxy;
			containerPortal = 15A8A4031834BDA200142BE0 /* cocos2d_libs.xcodeproj */;
			proxyType = 2;
			remoteGlobalIDString = 1551A33F158F2AB200E66CFE;
			remoteInfo = "cocos2dx Mac";
		};
		15A8A4181834BDA200142BE0 /* PBXContainerItemProxy */ = {
			isa = PBXContainerItemProxy;
			containerPortal = 15A8A4031834BDA200142BE0 /* cocos2d_libs.xcodeproj */;
			proxyType = 2;
			remoteGlobalIDString = A03F2FD617814595006731B9;
			remoteInfo = "cocos2dx-extensions Mac";
		};
		15A8A41A1834BDA200142BE0 /* PBXContainerItemProxy */ = {
			isa = PBXContainerItemProxy;
			containerPortal = 15A8A4031834BDA200142BE0 /* cocos2d_libs.xcodeproj */;
			proxyType = 2;
			remoteGlobalIDString = A03F2CB81780BD04006731B9;
			remoteInfo = "chipmunk Mac";
		};
		15A8A41C1834BDA200142BE0 /* PBXContainerItemProxy */ = {
			isa = PBXContainerItemProxy;
			containerPortal = 15A8A4031834BDA200142BE0 /* cocos2d_libs.xcodeproj */;
			proxyType = 2;
			remoteGlobalIDString = A03F2D9B1780BDF7006731B9;
			remoteInfo = "box2d Mac";
		};
		15A8A41E1834BDA200142BE0 /* PBXContainerItemProxy */ = {
			isa = PBXContainerItemProxy;
			containerPortal = 15A8A4031834BDA200142BE0 /* cocos2d_libs.xcodeproj */;
			proxyType = 2;
			remoteGlobalIDString = A03F2ED617814268006731B9;
			remoteInfo = "CocosDenshion Mac";
		};
		15A8A4241834BDA200142BE0 /* PBXContainerItemProxy */ = {
			isa = PBXContainerItemProxy;
			containerPortal = 15A8A4031834BDA200142BE0 /* cocos2d_libs.xcodeproj */;
			proxyType = 2;
			remoteGlobalIDString = A07A4D641783777C0073F6A7;
			remoteInfo = "cocos2dx iOS";
		};
		15A8A4261834BDA200142BE0 /* PBXContainerItemProxy */ = {
			isa = PBXContainerItemProxy;
			containerPortal = 15A8A4031834BDA200142BE0 /* cocos2d_libs.xcodeproj */;
			proxyType = 2;
			remoteGlobalIDString = A07A4EFC1783867C0073F6A7;
			remoteInfo = "cocos2dx-extensions iOS";
		};
		15A8A4281834BDA200142BE0 /* PBXContainerItemProxy */ = {
			isa = PBXContainerItemProxy;
			containerPortal = 15A8A4031834BDA200142BE0 /* cocos2d_libs.xcodeproj */;
			proxyType = 2;
			remoteGlobalIDString = A07A4F3B178387670073F6A7;
			remoteInfo = "chipmunk iOS";
		};
		15A8A42A1834BDA200142BE0 /* PBXContainerItemProxy */ = {
			isa = PBXContainerItemProxy;
			containerPortal = 15A8A4031834BDA200142BE0 /* cocos2d_libs.xcodeproj */;
			proxyType = 2;
			remoteGlobalIDString = A07A4F9E1783876B0073F6A7;
			remoteInfo = "box2d iOS";
		};
		15A8A42C1834BDA200142BE0 /* PBXContainerItemProxy */ = {
			isa = PBXContainerItemProxy;
			containerPortal = 15A8A4031834BDA200142BE0 /* cocos2d_libs.xcodeproj */;
			proxyType = 2;
			remoteGlobalIDString = A07A4FB4178387730073F6A7;
			remoteInfo = "CocosDenshion iOS";
		};
		C03781B318BF654500FE4F13 /* PBXContainerItemProxy */ = {
			isa = PBXContainerItemProxy;
			containerPortal = C03781AE18BF654500FE4F13 /* cocos2d_lua_bindings.xcodeproj */;
			proxyType = 2;
			remoteGlobalIDString = 1AACE74618BC45A000215002;
			remoteInfo = "luabindings Mac";
		};
		C03781B518BF654500FE4F13 /* PBXContainerItemProxy */ = {
			isa = PBXContainerItemProxy;
			containerPortal = C03781AE18BF654500FE4F13 /* cocos2d_lua_bindings.xcodeproj */;
			proxyType = 2;
			remoteGlobalIDString = 1AACE74718BC45A000215002;
			remoteInfo = "luabindings iOS";
		};
		C03781F318BF659D00FE4F13 /* PBXContainerItemProxy */ = {
			isa = PBXContainerItemProxy;
			containerPortal = C03781AE18BF654500FE4F13 /* cocos2d_lua_bindings.xcodeproj */;
			proxyType = 1;
			remoteGlobalIDString = 1A6FB50417854BC200CDF010;
			remoteInfo = "luabindings Mac";
		};
		C03781F718BF65B500FE4F13 /* PBXContainerItemProxy */ = {
			isa = PBXContainerItemProxy;
			containerPortal = C03781AE18BF654500FE4F13 /* cocos2d_lua_bindings.xcodeproj */;
			proxyType = 1;
			remoteGlobalIDString = 1A119716178526AA00D62A44;
			remoteInfo = "luabindings iOS";
		};
		C0A2F02618975FD30072A7AB /* PBXContainerItemProxy */ = {
			isa = PBXContainerItemProxy;
			containerPortal = 15A8A4031834BDA200142BE0 /* cocos2d_libs.xcodeproj */;
			proxyType = 1;
			remoteGlobalIDString = A03F2B781780BD04006731B9;
			remoteInfo = "chipmunk Mac";
		};
		C0A2F03818975FDA0072A7AB /* PBXContainerItemProxy */ = {
			isa = PBXContainerItemProxy;
			containerPortal = 15A8A4031834BDA200142BE0 /* cocos2d_libs.xcodeproj */;
			proxyType = 1;
			remoteGlobalIDString = A03F2D5D1780BDF7006731B9;
			remoteInfo = "box2d Mac";
		};
		C0A2F03A18975FE20072A7AB /* PBXContainerItemProxy */ = {
			isa = PBXContainerItemProxy;
			containerPortal = 15A8A4031834BDA200142BE0 /* cocos2d_libs.xcodeproj */;
			proxyType = 1;
			remoteGlobalIDString = A03F2FC117814595006731B9;
			remoteInfo = "cocos2dx-extensions Mac";
		};
		C0A2F03C18975FEB0072A7AB /* PBXContainerItemProxy */ = {
			isa = PBXContainerItemProxy;
			containerPortal = 15A8A4031834BDA200142BE0 /* cocos2d_libs.xcodeproj */;
			proxyType = 1;
			remoteGlobalIDString = A03F2E9817814268006731B9;
			remoteInfo = "CocosDenshion Mac";
		};
		C0A2F04018975FF80072A7AB /* PBXContainerItemProxy */ = {
			isa = PBXContainerItemProxy;
			containerPortal = 15A8A4031834BDA200142BE0 /* cocos2d_libs.xcodeproj */;
			proxyType = 1;
			remoteGlobalIDString = 1551A33E158F2AB200E66CFE;
			remoteInfo = "cocos2dx Mac";
		};
		C0A2F0421897600E0072A7AB /* PBXContainerItemProxy */ = {
			isa = PBXContainerItemProxy;
			containerPortal = 15A8A4031834BDA200142BE0 /* cocos2d_libs.xcodeproj */;
			proxyType = 1;
			remoteGlobalIDString = A07A4C241783777C0073F6A7;
			remoteInfo = "cocos2dx iOS";
		};
		C0A2F0441897600E0072A7AB /* PBXContainerItemProxy */ = {
			isa = PBXContainerItemProxy;
			containerPortal = 15A8A4031834BDA200142BE0 /* cocos2d_libs.xcodeproj */;
			proxyType = 1;
			remoteGlobalIDString = A07A4E111783867C0073F6A7;
			remoteInfo = "cocos2dx-extensions iOS";
		};
		C0A2F0461897600E0072A7AB /* PBXContainerItemProxy */ = {
			isa = PBXContainerItemProxy;
			containerPortal = 15A8A4031834BDA200142BE0 /* cocos2d_libs.xcodeproj */;
			proxyType = 1;
			remoteGlobalIDString = A07A4EFD178387670073F6A7;
			remoteInfo = "chipmunk iOS";
		};
		C0A2F0481897600E0072A7AB /* PBXContainerItemProxy */ = {
			isa = PBXContainerItemProxy;
			containerPortal = 15A8A4031834BDA200142BE0 /* cocos2d_libs.xcodeproj */;
			proxyType = 1;
			remoteGlobalIDString = A07A4F3C1783876B0073F6A7;
			remoteInfo = "box2d iOS";
		};
		C0A2F04A1897600E0072A7AB /* PBXContainerItemProxy */ = {
			isa = PBXContainerItemProxy;
			containerPortal = 15A8A4031834BDA200142BE0 /* cocos2d_libs.xcodeproj */;
			proxyType = 1;
			remoteGlobalIDString = A07A4F9F178387730073F6A7;
			remoteInfo = "CocosDenshion iOS";
		};
/* End PBXContainerItemProxy section */

/* Begin PBXFileReference section */
		15A8A4031834BDA200142BE0 /* cocos2d_libs.xcodeproj */ = {isa = PBXFileReference; lastKnownFileType = "wrapper.pb-project"; name = cocos2d_libs.xcodeproj; path = "../../cocos2d-x/build/cocos2d_libs.xcodeproj"; sourceTree = "<group>"; };
		15A8A4871834C90E00142BE0 /* libcurl.dylib */ = {isa = PBXFileReference; lastKnownFileType = "compiled.mach-o.dylib"; name = libcurl.dylib; path = usr/lib/libcurl.dylib; sourceTree = SDKROOT; };
		15C1568D1683131500D239F2 /* libcurl.a */ = {isa = PBXFileReference; lastKnownFileType = archive.ar; name = libcurl.a; path = "../../cocos2d-x/cocos2dx/platform/third_party/ios/libraries/libcurl.a"; sourceTree = "<group>"; };
		1AF4C402178663F200122817 /* libz.dylib */ = {isa = PBXFileReference; lastKnownFileType = "compiled.mach-o.dylib"; name = libz.dylib; path = usr/lib/libz.dylib; sourceTree = SDKROOT; };
		5023810717EBBCAC00990C9B /* AppController.h */ = {isa = PBXFileReference; fileEncoding = 4; lastKnownFileType = sourcecode.c.h; path = AppController.h; sourceTree = "<group>"; };
		5023810817EBBCAC00990C9B /* AppController.mm */ = {isa = PBXFileReference; fileEncoding = 4; lastKnownFileType = sourcecode.cpp.objcpp; path = AppController.mm; sourceTree = "<group>"; };
		5023810917EBBCAC00990C9B /* Default-568h@2x.png */ = {isa = PBXFileReference; lastKnownFileType = image.png; path = "Default-568h@2x.png"; sourceTree = "<group>"; };
		5023810A17EBBCAC00990C9B /* Default.png */ = {isa = PBXFileReference; lastKnownFileType = image.png; path = Default.png; sourceTree = "<group>"; };
		5023810B17EBBCAC00990C9B /* Default@2x.png */ = {isa = PBXFileReference; lastKnownFileType = image.png; path = "Default@2x.png"; sourceTree = "<group>"; };
		5023810C17EBBCAC00990C9B /* Icon-114.png */ = {isa = PBXFileReference; lastKnownFileType = image.png; path = "Icon-114.png"; sourceTree = "<group>"; };
		5023810D17EBBCAC00990C9B /* Icon-120.png */ = {isa = PBXFileReference; lastKnownFileType = image.png; path = "Icon-120.png"; sourceTree = "<group>"; };
		5023810E17EBBCAC00990C9B /* Icon-144.png */ = {isa = PBXFileReference; lastKnownFileType = image.png; path = "Icon-144.png"; sourceTree = "<group>"; };
		5023810F17EBBCAC00990C9B /* Icon-152.png */ = {isa = PBXFileReference; lastKnownFileType = image.png; path = "Icon-152.png"; sourceTree = "<group>"; };
		5023811017EBBCAC00990C9B /* Icon-57.png */ = {isa = PBXFileReference; lastKnownFileType = image.png; path = "Icon-57.png"; sourceTree = "<group>"; };
		5023811117EBBCAC00990C9B /* Icon-72.png */ = {isa = PBXFileReference; lastKnownFileType = image.png; path = "Icon-72.png"; sourceTree = "<group>"; };
		5023811217EBBCAC00990C9B /* Icon-76.png */ = {isa = PBXFileReference; lastKnownFileType = image.png; path = "Icon-76.png"; sourceTree = "<group>"; };
		5023811317EBBCAC00990C9B /* Info.plist */ = {isa = PBXFileReference; fileEncoding = 4; lastKnownFileType = text.plist.xml; path = Info.plist; sourceTree = "<group>"; };
		5023811417EBBCAC00990C9B /* main.m */ = {isa = PBXFileReference; fileEncoding = 4; lastKnownFileType = sourcecode.c.objc; path = main.m; sourceTree = "<group>"; };
		5023811517EBBCAC00990C9B /* Prefix.pch */ = {isa = PBXFileReference; fileEncoding = 4; lastKnownFileType = sourcecode.c.h; path = Prefix.pch; sourceTree = "<group>"; };
		5023811617EBBCAC00990C9B /* RootViewController.h */ = {isa = PBXFileReference; fileEncoding = 4; lastKnownFileType = sourcecode.c.h; path = RootViewController.h; sourceTree = "<group>"; };
		5023811717EBBCAC00990C9B /* RootViewController.mm */ = {isa = PBXFileReference; fileEncoding = 4; lastKnownFileType = sourcecode.cpp.objcpp; path = RootViewController.mm; sourceTree = "<group>"; };
		5023816B17EBBCE400990C9B /* HelloLua Mac.app */ = {isa = PBXFileReference; explicitFileType = wrapper.application; includeInIndex = 0; path = "HelloLua Mac.app"; sourceTree = BUILT_PRODUCTS_DIR; };
		5023817217EBBE3400990C9B /* Icon.icns */ = {isa = PBXFileReference; lastKnownFileType = image.icns; path = Icon.icns; sourceTree = "<group>"; };
		5023817317EBBE3400990C9B /* Info.plist */ = {isa = PBXFileReference; fileEncoding = 4; lastKnownFileType = text.plist.xml; path = Info.plist; sourceTree = "<group>"; };
		5023817517EBBE3400990C9B /* Prefix.pch */ = {isa = PBXFileReference; fileEncoding = 4; lastKnownFileType = sourcecode.c.h; path = Prefix.pch; sourceTree = "<group>"; };
		5023817917EBBE8300990C9B /* OpenGLES.framework */ = {isa = PBXFileReference; lastKnownFileType = wrapper.framework; name = OpenGLES.framework; path = Platforms/iPhoneOS.platform/Developer/SDKs/iPhoneOS7.0.sdk/System/Library/Frameworks/OpenGLES.framework; sourceTree = DEVELOPER_DIR; };
		50805AAE17EBBEAA004CFAD3 /* UIKit.framework */ = {isa = PBXFileReference; lastKnownFileType = wrapper.framework; name = UIKit.framework; path = Platforms/iPhoneOS.platform/Developer/SDKs/iPhoneOS7.0.sdk/System/Library/Frameworks/UIKit.framework; sourceTree = DEVELOPER_DIR; };
		5091733017ECE17A00D62437 /* Icon-29.png */ = {isa = PBXFileReference; lastKnownFileType = image.png; path = "Icon-29.png"; sourceTree = "<group>"; };
		5091733117ECE17A00D62437 /* Icon-40.png */ = {isa = PBXFileReference; lastKnownFileType = image.png; path = "Icon-40.png"; sourceTree = "<group>"; };
		5091733217ECE17A00D62437 /* Icon-50.png */ = {isa = PBXFileReference; lastKnownFileType = image.png; path = "Icon-50.png"; sourceTree = "<group>"; };
		5091733317ECE17A00D62437 /* Icon-58.png */ = {isa = PBXFileReference; lastKnownFileType = image.png; path = "Icon-58.png"; sourceTree = "<group>"; };
		5091733417ECE17A00D62437 /* Icon-80.png */ = {isa = PBXFileReference; lastKnownFileType = image.png; path = "Icon-80.png"; sourceTree = "<group>"; };
		5091733517ECE17A00D62437 /* Icon-100.png */ = {isa = PBXFileReference; lastKnownFileType = image.png; path = "Icon-100.png"; sourceTree = "<group>"; };
		50D7C96B17EBBEDF005D0B91 /* OpenGL.framework */ = {isa = PBXFileReference; lastKnownFileType = wrapper.framework; name = OpenGL.framework; path = System/Library/Frameworks/OpenGL.framework; sourceTree = SDKROOT; };
		50D7C96D17EBBEE6005D0B91 /* AppKit.framework */ = {isa = PBXFileReference; lastKnownFileType = wrapper.framework; name = AppKit.framework; path = System/Library/Frameworks/AppKit.framework; sourceTree = SDKROOT; };
		50D7C96F17EBBEEC005D0B91 /* IOKit.framework */ = {isa = PBXFileReference; lastKnownFileType = wrapper.framework; name = IOKit.framework; path = System/Library/Frameworks/IOKit.framework; sourceTree = SDKROOT; };
		C03781AE18BF654500FE4F13 /* cocos2d_lua_bindings.xcodeproj */ = {isa = PBXFileReference; lastKnownFileType = "wrapper.pb-project"; name = cocos2d_lua_bindings.xcodeproj; path = "../../cocos2d-x/cocos/scripting/lua-bindings/proj.ios_mac/cocos2d_lua_bindings.xcodeproj"; sourceTree = "<group>"; };
		C03781B718BF655400FE4F13 /* res */ = {isa = PBXFileReference; lastKnownFileType = folder; name = res; path = ../../../res; sourceTree = "<group>"; };
		C03781B818BF655400FE4F13 /* src */ = {isa = PBXFileReference; lastKnownFileType = folder; name = src; path = ../../../src; sourceTree = "<group>"; };
		C03781BD18BF656900FE4F13 /* AudioEngine.lua */ = {isa = PBXFileReference; fileEncoding = 4; lastKnownFileType = text; name = AudioEngine.lua; path = "../../cocos2d-x/cocos/scripting/lua-bindings/script/AudioEngine.lua"; sourceTree = "<group>"; };
		C03781BE18BF656900FE4F13 /* CCBReaderLoad.lua */ = {isa = PBXFileReference; fileEncoding = 4; lastKnownFileType = text; name = CCBReaderLoad.lua; path = "../../cocos2d-x/cocos/scripting/lua-bindings/script/CCBReaderLoad.lua"; sourceTree = "<group>"; };
		C03781BF18BF656900FE4F13 /* Cocos2d.lua */ = {isa = PBXFileReference; fileEncoding = 4; lastKnownFileType = text; name = Cocos2d.lua; path = "../../cocos2d-x/cocos/scripting/lua-bindings/script/Cocos2d.lua"; sourceTree = "<group>"; };
		C03781C018BF656900FE4F13 /* Cocos2dConstants.lua */ = {isa = PBXFileReference; fileEncoding = 4; lastKnownFileType = text; name = Cocos2dConstants.lua; path = "../../cocos2d-x/cocos/scripting/lua-bindings/script/Cocos2dConstants.lua"; sourceTree = "<group>"; };
		C03781C118BF656900FE4F13 /* CocoStudio.lua */ = {isa = PBXFileReference; fileEncoding = 4; lastKnownFileType = text; name = CocoStudio.lua; path = "../../cocos2d-x/cocos/scripting/lua-bindings/script/CocoStudio.lua"; sourceTree = "<group>"; };
		C03781C218BF656900FE4F13 /* Deprecated.lua */ = {isa = PBXFileReference; fileEncoding = 4; lastKnownFileType = text; name = Deprecated.lua; path = "../../cocos2d-x/cocos/scripting/lua-bindings/script/Deprecated.lua"; sourceTree = "<group>"; };
		C03781C318BF656900FE4F13 /* DeprecatedClass.lua */ = {isa = PBXFileReference; fileEncoding = 4; lastKnownFileType = text; name = DeprecatedClass.lua; path = "../../cocos2d-x/cocos/scripting/lua-bindings/script/DeprecatedClass.lua"; sourceTree = "<group>"; };
		C03781C418BF656A00FE4F13 /* DeprecatedEnum.lua */ = {isa = PBXFileReference; fileEncoding = 4; lastKnownFileType = text; name = DeprecatedEnum.lua; path = "../../cocos2d-x/cocos/scripting/lua-bindings/script/DeprecatedEnum.lua"; sourceTree = "<group>"; };
		C03781C518BF656A00FE4F13 /* DeprecatedOpenglEnum.lua */ = {isa = PBXFileReference; fileEncoding = 4; lastKnownFileType = text; name = DeprecatedOpenglEnum.lua; path = "../../cocos2d-x/cocos/scripting/lua-bindings/script/DeprecatedOpenglEnum.lua"; sourceTree = "<group>"; };
		C03781C618BF656A00FE4F13 /* DrawPrimitives.lua */ = {isa = PBXFileReference; fileEncoding = 4; lastKnownFileType = text; name = DrawPrimitives.lua; path = "../../cocos2d-x/cocos/scripting/lua-bindings/script/DrawPrimitives.lua"; sourceTree = "<group>"; };
		C03781C718BF656A00FE4F13 /* extern.lua */ = {isa = PBXFileReference; fileEncoding = 4; lastKnownFileType = text; name = extern.lua; path = "../../cocos2d-x/cocos/scripting/lua-bindings/script/extern.lua"; sourceTree = "<group>"; };
		C03781C818BF656A00FE4F13 /* GuiConstants.lua */ = {isa = PBXFileReference; fileEncoding = 4; lastKnownFileType = text; name = GuiConstants.lua; path = "../../cocos2d-x/cocos/scripting/lua-bindings/script/GuiConstants.lua"; sourceTree = "<group>"; };
		C03781C918BF656A00FE4F13 /* json.lua */ = {isa = PBXFileReference; fileEncoding = 4; lastKnownFileType = text; name = json.lua; path = "../../cocos2d-x/cocos/scripting/lua-bindings/script/json.lua"; sourceTree = "<group>"; };
		C03781CA18BF656A00FE4F13 /* luaj.lua */ = {isa = PBXFileReference; fileEncoding = 4; lastKnownFileType = text; name = luaj.lua; path = "../../cocos2d-x/cocos/scripting/lua-bindings/script/luaj.lua"; sourceTree = "<group>"; };
		C03781CB18BF656A00FE4F13 /* luaoc.lua */ = {isa = PBXFileReference; fileEncoding = 4; lastKnownFileType = text; name = luaoc.lua; path = "../../cocos2d-x/cocos/scripting/lua-bindings/script/luaoc.lua"; sourceTree = "<group>"; };
		C03781CC18BF656A00FE4F13 /* Opengl.lua */ = {isa = PBXFileReference; fileEncoding = 4; lastKnownFileType = text; name = Opengl.lua; path = "../../cocos2d-x/cocos/scripting/lua-bindings/script/Opengl.lua"; sourceTree = "<group>"; };
		C03781CD18BF656A00FE4F13 /* OpenglConstants.lua */ = {isa = PBXFileReference; fileEncoding = 4; lastKnownFileType = text; name = OpenglConstants.lua; path = "../../cocos2d-x/cocos/scripting/lua-bindings/script/OpenglConstants.lua"; sourceTree = "<group>"; };
		C03781CE18BF656A00FE4F13 /* StudioConstants.lua */ = {isa = PBXFileReference; fileEncoding = 4; lastKnownFileType = text; name = StudioConstants.lua; path = "../../cocos2d-x/cocos/scripting/lua-bindings/script/StudioConstants.lua"; sourceTree = "<group>"; };
		C0619CD61896894800872C26 /* Runtime_ios-mac.mm */ = {isa = PBXFileReference; fileEncoding = 4; lastKnownFileType = sourcecode.cpp.objcpp; path = "Runtime_ios-mac.mm"; sourceTree = "<group>"; };
		C07828F418B4D72E00BD2287 /* main.m */ = {isa = PBXFileReference; fileEncoding = 4; lastKnownFileType = sourcecode.c.objc; path = main.m; sourceTree = "<group>"; };
		C07828F518B4D72E00BD2287 /* MainMenu.xib */ = {isa = PBXFileReference; fileEncoding = 4; lastKnownFileType = file.xib; path = MainMenu.xib; sourceTree = "<group>"; };
		C07828F618B4D72E00BD2287 /* SimulatorApp.h */ = {isa = PBXFileReference; fileEncoding = 4; lastKnownFileType = sourcecode.c.h; path = SimulatorApp.h; sourceTree = "<group>"; };
		C07828F718B4D72E00BD2287 /* SimulatorApp.mm */ = {isa = PBXFileReference; fileEncoding = 4; lastKnownFileType = sourcecode.cpp.objcpp; path = SimulatorApp.mm; sourceTree = "<group>"; };
		C07828FB18B4DC6F00BD2287 /* Runtime.cpp */ = {isa = PBXFileReference; fileEncoding = 4; lastKnownFileType = sourcecode.cpp.cpp; name = Runtime.cpp; path = ../Classes/Runtime.cpp; sourceTree = "<group>"; };
		C07828FC18B4DC6F00BD2287 /* Runtime.h */ = {isa = PBXFileReference; fileEncoding = 4; lastKnownFileType = sourcecode.c.h; name = Runtime.h; path = ../Classes/Runtime.h; sourceTree = "<group>"; };
		C08D5D4C18E567C6009071A4 /* ftp.lua */ = {isa = PBXFileReference; fileEncoding = 4; lastKnownFileType = text; name = ftp.lua; path = "../../cocos2d-x/external/lua/luasocket/ftp.lua"; sourceTree = "<group>"; };
		C08D5D4D18E567C6009071A4 /* headers.lua */ = {isa = PBXFileReference; fileEncoding = 4; lastKnownFileType = text; name = headers.lua; path = "../../cocos2d-x/external/lua/luasocket/headers.lua"; sourceTree = "<group>"; };
		C08D5D4E18E567C6009071A4 /* http.lua */ = {isa = PBXFileReference; fileEncoding = 4; lastKnownFileType = text; name = http.lua; path = "../../cocos2d-x/external/lua/luasocket/http.lua"; sourceTree = "<group>"; };
		C08D5D4F18E567C6009071A4 /* ltn12.lua */ = {isa = PBXFileReference; fileEncoding = 4; lastKnownFileType = text; name = ltn12.lua; path = "../../cocos2d-x/external/lua/luasocket/ltn12.lua"; sourceTree = "<group>"; };
		C08D5D5018E567C6009071A4 /* mbox.lua */ = {isa = PBXFileReference; fileEncoding = 4; lastKnownFileType = text; name = mbox.lua; path = "../../cocos2d-x/external/lua/luasocket/mbox.lua"; sourceTree = "<group>"; };
		C08D5D5118E567C6009071A4 /* mime.lua */ = {isa = PBXFileReference; fileEncoding = 4; lastKnownFileType = text; name = mime.lua; path = "../../cocos2d-x/external/lua/luasocket/mime.lua"; sourceTree = "<group>"; };
		C08D5D5218E567C6009071A4 /* smtp.lua */ = {isa = PBXFileReference; fileEncoding = 4; lastKnownFileType = text; name = smtp.lua; path = "../../cocos2d-x/external/lua/luasocket/smtp.lua"; sourceTree = "<group>"; };
		C08D5D5318E567C6009071A4 /* socket.lua */ = {isa = PBXFileReference; fileEncoding = 4; lastKnownFileType = text; name = socket.lua; path = "../../cocos2d-x/external/lua/luasocket/socket.lua"; sourceTree = "<group>"; };
		C08D5D5418E567C6009071A4 /* tp.lua */ = {isa = PBXFileReference; fileEncoding = 4; lastKnownFileType = text; name = tp.lua; path = "../../cocos2d-x/external/lua/luasocket/tp.lua"; sourceTree = "<group>"; };
		C08D5D5518E567C6009071A4 /* url.lua */ = {isa = PBXFileReference; fileEncoding = 4; lastKnownFileType = text; name = url.lua; path = "../../cocos2d-x/external/lua/luasocket/url.lua"; sourceTree = "<group>"; };
		C09BA7E418BC929700A85A3E /* WorkSpaceDialog.xib */ = {isa = PBXFileReference; fileEncoding = 4; lastKnownFileType = file.xib; path = WorkSpaceDialog.xib; sourceTree = "<group>"; };
		C09BA7E518BC929700A85A3E /* WorkSpaceDialogController.h */ = {isa = PBXFileReference; fileEncoding = 4; lastKnownFileType = sourcecode.c.h; path = WorkSpaceDialogController.h; sourceTree = "<group>"; };
		C09BA7E618BC929700A85A3E /* WorkSpaceDialogController.mm */ = {isa = PBXFileReference; fileEncoding = 4; lastKnownFileType = sourcecode.cpp.objcpp; path = WorkSpaceDialogController.mm; sourceTree = "<group>"; };
		C09BA7EC18BCA49600A85A3E /* NSAppSheetAdditions.h */ = {isa = PBXFileReference; fileEncoding = 4; lastKnownFileType = sourcecode.c.h; path = NSAppSheetAdditions.h; sourceTree = "<group>"; };
		C09BA7ED18BCA49600A85A3E /* NSAppSheetAdditions.m */ = {isa = PBXFileReference; fileEncoding = 4; lastKnownFileType = sourcecode.c.objc; path = NSAppSheetAdditions.m; sourceTree = "<group>"; };
		D6B061341803AC000077942B /* CoreMotion.framework */ = {isa = PBXFileReference; lastKnownFileType = wrapper.framework; name = CoreMotion.framework; path = Platforms/iPhoneOS.platform/Developer/SDKs/iPhoneOS7.0.sdk/System/Library/Frameworks/CoreMotion.framework; sourceTree = DEVELOPER_DIR; };
		F293B3C815EB7BE500256477 /* HelloLua iOS.app */ = {isa = PBXFileReference; explicitFileType = wrapper.application; includeInIndex = 0; path = "HelloLua iOS.app"; sourceTree = BUILT_PRODUCTS_DIR; };
		F293B3CC15EB7BE500256477 /* QuartzCore.framework */ = {isa = PBXFileReference; lastKnownFileType = wrapper.framework; name = QuartzCore.framework; path = System/Library/Frameworks/QuartzCore.framework; sourceTree = SDKROOT; };
		F293B3CE15EB7BE500256477 /* OpenGLES.framework */ = {isa = PBXFileReference; lastKnownFileType = wrapper.framework; name = OpenGLES.framework; path = System/Library/Frameworks/OpenGLES.framework; sourceTree = SDKROOT; };
		F293B3D015EB7BE500256477 /* OpenAL.framework */ = {isa = PBXFileReference; lastKnownFileType = wrapper.framework; name = OpenAL.framework; path = System/Library/Frameworks/OpenAL.framework; sourceTree = SDKROOT; };
		F293B3D215EB7BE500256477 /* AudioToolbox.framework */ = {isa = PBXFileReference; lastKnownFileType = wrapper.framework; name = AudioToolbox.framework; path = System/Library/Frameworks/AudioToolbox.framework; sourceTree = SDKROOT; };
		F293B3D415EB7BE500256477 /* AVFoundation.framework */ = {isa = PBXFileReference; lastKnownFileType = wrapper.framework; name = AVFoundation.framework; path = System/Library/Frameworks/AVFoundation.framework; sourceTree = SDKROOT; };
		F293B3D615EB7BE500256477 /* UIKit.framework */ = {isa = PBXFileReference; lastKnownFileType = wrapper.framework; name = UIKit.framework; path = System/Library/Frameworks/UIKit.framework; sourceTree = SDKROOT; };
		F293B3D815EB7BE500256477 /* Foundation.framework */ = {isa = PBXFileReference; lastKnownFileType = wrapper.framework; name = Foundation.framework; path = System/Library/Frameworks/Foundation.framework; sourceTree = SDKROOT; };
		F293B3DA15EB7BE500256477 /* CoreGraphics.framework */ = {isa = PBXFileReference; lastKnownFileType = wrapper.framework; name = CoreGraphics.framework; path = System/Library/Frameworks/CoreGraphics.framework; sourceTree = SDKROOT; };
		F293BB7E15EB831F00256477 /* AppDelegate.cpp */ = {isa = PBXFileReference; fileEncoding = 4; lastKnownFileType = sourcecode.cpp.cpp; name = AppDelegate.cpp; path = ../Classes/AppDelegate.cpp; sourceTree = "<group>"; };
		F293BB7F15EB831F00256477 /* AppDelegate.h */ = {isa = PBXFileReference; fileEncoding = 4; lastKnownFileType = sourcecode.c.h; name = AppDelegate.h; path = ../Classes/AppDelegate.h; sourceTree = "<group>"; };
/* End PBXFileReference section */

/* Begin PBXFrameworksBuildPhase section */
		5023813617EBBCE400990C9B /* Frameworks */ = {
			isa = PBXFrameworksBuildPhase;
			buildActionMask = 2147483647;
			files = (
				C03781F518BF65A900FE4F13 /* libluabindings Mac.a in Frameworks */,
				15A8A4881834C90F00142BE0 /* libcurl.dylib in Frameworks */,
				15A8A4821834C73500142BE0 /* libchipmunk Mac.a in Frameworks */,
				15A8A4831834C73500142BE0 /* libcocos2dx Mac.a in Frameworks */,
				15A8A4841834C73500142BE0 /* libcocos2dx-extensions Mac.a in Frameworks */,
				15A8A4851834C73500142BE0 /* libCocosDenshion Mac.a in Frameworks */,
				50D7C97017EBBEEC005D0B91 /* IOKit.framework in Frameworks */,
				50D7C96E17EBBEE6005D0B91 /* AppKit.framework in Frameworks */,
				50D7C96C17EBBEDF005D0B91 /* OpenGL.framework in Frameworks */,
				5023813717EBBCE400990C9B /* libz.dylib in Frameworks */,
				5023813E17EBBCE400990C9B /* QuartzCore.framework in Frameworks */,
				5023814017EBBCE400990C9B /* OpenAL.framework in Frameworks */,
				5023814117EBBCE400990C9B /* AudioToolbox.framework in Frameworks */,
				5023814217EBBCE400990C9B /* AVFoundation.framework in Frameworks */,
				5023814417EBBCE400990C9B /* Foundation.framework in Frameworks */,
				5023814517EBBCE400990C9B /* CoreGraphics.framework in Frameworks */,
			);
			runOnlyForDeploymentPostprocessing = 0;
		};
		F293B3C515EB7BE500256477 /* Frameworks */ = {
			isa = PBXFrameworksBuildPhase;
			buildActionMask = 2147483647;
			files = (
				C03781F618BF65B100FE4F13 /* libluabindings iOS.a in Frameworks */,
				15A8A4441834C43700142BE0 /* libchipmunk iOS.a in Frameworks */,
				15A8A4451834C43700142BE0 /* libcocos2dx iOS.a in Frameworks */,
				15A8A4461834C43700142BE0 /* libcocos2dx-extensions iOS.a in Frameworks */,
				15A8A4471834C43700142BE0 /* libCocosDenshion iOS.a in Frameworks */,
				D6B061351803AC000077942B /* CoreMotion.framework in Frameworks */,
				1AF4C403178663F200122817 /* libz.dylib in Frameworks */,
				50805AAF17EBBEAA004CFAD3 /* UIKit.framework in Frameworks */,
				5023817A17EBBE8300990C9B /* OpenGLES.framework in Frameworks */,
				F293B3CD15EB7BE500256477 /* QuartzCore.framework in Frameworks */,
				F293B3D115EB7BE500256477 /* OpenAL.framework in Frameworks */,
				F293B3D315EB7BE500256477 /* AudioToolbox.framework in Frameworks */,
				F293B3D515EB7BE500256477 /* AVFoundation.framework in Frameworks */,
				F293B3D915EB7BE500256477 /* Foundation.framework in Frameworks */,
				F293B3DB15EB7BE500256477 /* CoreGraphics.framework in Frameworks */,
			);
			runOnlyForDeploymentPostprocessing = 0;
		};
/* End PBXFrameworksBuildPhase section */

/* Begin PBXGroup section */
		15A8A4041834BDA200142BE0 /* Products */ = {
			isa = PBXGroup;
			children = (
				15A8A4171834BDA200142BE0 /* libcocos2dx Mac.a */,
				15A8A4191834BDA200142BE0 /* libcocos2dx-extensions Mac.a */,
				15A8A41B1834BDA200142BE0 /* libchipmunk Mac.a */,
				15A8A41D1834BDA200142BE0 /* libbox2d Mac.a */,
				15A8A41F1834BDA200142BE0 /* libCocosDenshion Mac.a */,
				15A8A4251834BDA200142BE0 /* libcocos2dx iOS.a */,
				15A8A4271834BDA200142BE0 /* libcocos2dx-extensions iOS.a */,
				15A8A4291834BDA200142BE0 /* libchipmunk iOS.a */,
				15A8A42B1834BDA200142BE0 /* libbox2d iOS.a */,
				15A8A42D1834BDA200142BE0 /* libCocosDenshion iOS.a */,
			);
			name = Products;
			sourceTree = "<group>";
		};
		1A0227A417A3AA1A00B867AD /* Lua Common */ = {
			isa = PBXGroup;
			children = (
				C08D5D4C18E567C6009071A4 /* ftp.lua */,
				C08D5D4D18E567C6009071A4 /* headers.lua */,
				C08D5D4E18E567C6009071A4 /* http.lua */,
				C08D5D4F18E567C6009071A4 /* ltn12.lua */,
				C08D5D5018E567C6009071A4 /* mbox.lua */,
				C08D5D5118E567C6009071A4 /* mime.lua */,
				C08D5D5218E567C6009071A4 /* smtp.lua */,
				C08D5D5318E567C6009071A4 /* socket.lua */,
				C08D5D5418E567C6009071A4 /* tp.lua */,
				C08D5D5518E567C6009071A4 /* url.lua */,
				C03781BD18BF656900FE4F13 /* AudioEngine.lua */,
				C03781BE18BF656900FE4F13 /* CCBReaderLoad.lua */,
				C03781BF18BF656900FE4F13 /* Cocos2d.lua */,
				C03781C018BF656900FE4F13 /* Cocos2dConstants.lua */,
				C03781C118BF656900FE4F13 /* CocoStudio.lua */,
				C03781C218BF656900FE4F13 /* Deprecated.lua */,
				C03781C318BF656900FE4F13 /* DeprecatedClass.lua */,
				C03781C418BF656A00FE4F13 /* DeprecatedEnum.lua */,
				C03781C518BF656A00FE4F13 /* DeprecatedOpenglEnum.lua */,
				C03781C618BF656A00FE4F13 /* DrawPrimitives.lua */,
				C03781C718BF656A00FE4F13 /* extern.lua */,
				C03781C818BF656A00FE4F13 /* GuiConstants.lua */,
				C03781C918BF656A00FE4F13 /* json.lua */,
				C03781CA18BF656A00FE4F13 /* luaj.lua */,
				C03781CB18BF656A00FE4F13 /* luaoc.lua */,
				C03781CC18BF656A00FE4F13 /* Opengl.lua */,
				C03781CD18BF656A00FE4F13 /* OpenglConstants.lua */,
				C03781CE18BF656A00FE4F13 /* StudioConstants.lua */,
			);
			name = "Lua Common";
			sourceTree = "<group>";
		};
		5023810617EBBCAC00990C9B /* ios */ = {
			isa = PBXGroup;
			children = (
				5023810717EBBCAC00990C9B /* AppController.h */,
				5023810817EBBCAC00990C9B /* AppController.mm */,
				5023810917EBBCAC00990C9B /* Default-568h@2x.png */,
				5023810A17EBBCAC00990C9B /* Default.png */,
				5023810B17EBBCAC00990C9B /* Default@2x.png */,
				5091734A17ECE18300D62437 /* Icons */,
				5023811317EBBCAC00990C9B /* Info.plist */,
				5023811417EBBCAC00990C9B /* main.m */,
				5023811517EBBCAC00990C9B /* Prefix.pch */,
				5023811617EBBCAC00990C9B /* RootViewController.h */,
				5023811717EBBCAC00990C9B /* RootViewController.mm */,
			);
			path = ios;
			sourceTree = "<group>";
		};
		5023817117EBBE3400990C9B /* mac */ = {
			isa = PBXGroup;
			children = (
				C09BA7EC18BCA49600A85A3E /* NSAppSheetAdditions.h */,
				C09BA7ED18BCA49600A85A3E /* NSAppSheetAdditions.m */,
				C09BA7E418BC929700A85A3E /* WorkSpaceDialog.xib */,
				C09BA7E518BC929700A85A3E /* WorkSpaceDialogController.h */,
				C09BA7E618BC929700A85A3E /* WorkSpaceDialogController.mm */,
				5023817217EBBE3400990C9B /* Icon.icns */,
				C07828F418B4D72E00BD2287 /* main.m */,
				C07828F518B4D72E00BD2287 /* MainMenu.xib */,
				C07828F618B4D72E00BD2287 /* SimulatorApp.h */,
				C07828F718B4D72E00BD2287 /* SimulatorApp.mm */,
				5023817317EBBE3400990C9B /* Info.plist */,
				5023817517EBBE3400990C9B /* Prefix.pch */,
			);
			path = mac;
			sourceTree = "<group>";
		};
		5091734A17ECE18300D62437 /* Icons */ = {
			isa = PBXGroup;
			children = (
				5091733017ECE17A00D62437 /* Icon-29.png */,
				5091733117ECE17A00D62437 /* Icon-40.png */,
				5091733217ECE17A00D62437 /* Icon-50.png */,
				5091733317ECE17A00D62437 /* Icon-58.png */,
				5091733417ECE17A00D62437 /* Icon-80.png */,
				5091733517ECE17A00D62437 /* Icon-100.png */,
				5023810C17EBBCAC00990C9B /* Icon-114.png */,
				5023810D17EBBCAC00990C9B /* Icon-120.png */,
				5023810E17EBBCAC00990C9B /* Icon-144.png */,
				5023810F17EBBCAC00990C9B /* Icon-152.png */,
				5023811017EBBCAC00990C9B /* Icon-57.png */,
				5023811117EBBCAC00990C9B /* Icon-72.png */,
				5023811217EBBCAC00990C9B /* Icon-76.png */,
			);
			name = Icons;
			sourceTree = "<group>";
		};
		C03781AF18BF654500FE4F13 /* Products */ = {
			isa = PBXGroup;
			children = (
				C03781B418BF654500FE4F13 /* libluabindings Mac.a */,
				C03781B618BF654500FE4F13 /* libluabindings iOS.a */,
			);
			name = Products;
			sourceTree = "<group>";
		};
		F293B3BD15EB7BE500256477 = {
			isa = PBXGroup;
			children = (
				C03781AE18BF654500FE4F13 /* cocos2d_lua_bindings.xcodeproj */,
				15A8A4031834BDA200142BE0 /* cocos2d_libs.xcodeproj */,
				5023810617EBBCAC00990C9B /* ios */,
				5023817117EBBE3400990C9B /* mac */,
				F293BB7C15EB830F00256477 /* Classes */,
				F293B3CB15EB7BE500256477 /* Frameworks */,
				1A0227A417A3AA1A00B867AD /* Lua Common */,
				F293B3C915EB7BE500256477 /* Products */,
				F293BC4615EB859D00256477 /* Resources */,
			);
			sourceTree = "<group>";
		};
		F293B3C915EB7BE500256477 /* Products */ = {
			isa = PBXGroup;
			children = (
				F293B3C815EB7BE500256477 /* HelloLua iOS.app */,
				5023816B17EBBCE400990C9B /* HelloLua Mac.app */,
			);
			name = Products;
			sourceTree = "<group>";
		};
		F293B3CB15EB7BE500256477 /* Frameworks */ = {
			isa = PBXGroup;
			children = (
				15A8A4871834C90E00142BE0 /* libcurl.dylib */,
				D6B061341803AC000077942B /* CoreMotion.framework */,
				50D7C96F17EBBEEC005D0B91 /* IOKit.framework */,
				50D7C96D17EBBEE6005D0B91 /* AppKit.framework */,
				50D7C96B17EBBEDF005D0B91 /* OpenGL.framework */,
				50805AAE17EBBEAA004CFAD3 /* UIKit.framework */,
				5023817917EBBE8300990C9B /* OpenGLES.framework */,
				1AF4C402178663F200122817 /* libz.dylib */,
				15C1568D1683131500D239F2 /* libcurl.a */,
				F293B3CC15EB7BE500256477 /* QuartzCore.framework */,
				F293B3CE15EB7BE500256477 /* OpenGLES.framework */,
				F293B3D015EB7BE500256477 /* OpenAL.framework */,
				F293B3D215EB7BE500256477 /* AudioToolbox.framework */,
				F293B3D415EB7BE500256477 /* AVFoundation.framework */,
				F293B3D615EB7BE500256477 /* UIKit.framework */,
				F293B3D815EB7BE500256477 /* Foundation.framework */,
				F293B3DA15EB7BE500256477 /* CoreGraphics.framework */,
			);
			name = Frameworks;
			sourceTree = "<group>";
		};
		F293BB7C15EB830F00256477 /* Classes */ = {
			isa = PBXGroup;
			children = (
				C07828FB18B4DC6F00BD2287 /* Runtime.cpp */,
				C07828FC18B4DC6F00BD2287 /* Runtime.h */,
				C0619CD61896894800872C26 /* Runtime_ios-mac.mm */,
				F293BB7E15EB831F00256477 /* AppDelegate.cpp */,
				F293BB7F15EB831F00256477 /* AppDelegate.h */,
			);
			name = Classes;
			sourceTree = "<group>";
		};
		F293BC4615EB859D00256477 /* Resources */ = {
			isa = PBXGroup;
			children = (
				C03781B718BF655400FE4F13 /* res */,
				C03781B818BF655400FE4F13 /* src */,
			);
			name = Resources;
			path = ../Resources;
			sourceTree = "<group>";
		};
/* End PBXGroup section */

/* Begin PBXNativeTarget section */
		5023812617EBBCE400990C9B /* HelloLua Mac */ = {
			isa = PBXNativeTarget;
			buildConfigurationList = 5023816817EBBCE400990C9B /* Build configuration list for PBXNativeTarget "HelloLua Mac" */;
			buildPhases = (
				5023813117EBBCE400990C9B /* Sources */,
				5023813617EBBCE400990C9B /* Frameworks */,
				5023814617EBBCE400990C9B /* Resources */,
			);
			buildRules = (
			);
			dependencies = (
				C03781F418BF659D00FE4F13 /* PBXTargetDependency */,
				C0A2F04118975FF80072A7AB /* PBXTargetDependency */,
				C0A2F03D18975FEB0072A7AB /* PBXTargetDependency */,
				C0A2F03B18975FE20072A7AB /* PBXTargetDependency */,
				C0A2F03918975FDA0072A7AB /* PBXTargetDependency */,
				C0A2F02718975FD30072A7AB /* PBXTargetDependency */,
			);
			name = "HelloLua Mac";
			productName = HelloLua;
			productReference = 5023816B17EBBCE400990C9B /* HelloLua Mac.app */;
			productType = "com.apple.product-type.application";
		};
		F293B3C715EB7BE500256477 /* HelloLua iOS */ = {
			isa = PBXNativeTarget;
			buildConfigurationList = F293B6C415EB7BEA00256477 /* Build configuration list for PBXNativeTarget "HelloLua iOS" */;
			buildPhases = (
				F293B3C415EB7BE500256477 /* Sources */,
				F293B3C515EB7BE500256477 /* Frameworks */,
				F293B3C615EB7BE500256477 /* Resources */,
			);
			buildRules = (
			);
			dependencies = (
				C03781F818BF65B500FE4F13 /* PBXTargetDependency */,
				C0A2F0431897600E0072A7AB /* PBXTargetDependency */,
				C0A2F0451897600E0072A7AB /* PBXTargetDependency */,
				C0A2F0471897600E0072A7AB /* PBXTargetDependency */,
				C0A2F0491897600E0072A7AB /* PBXTargetDependency */,
				C0A2F04B1897600E0072A7AB /* PBXTargetDependency */,
			);
			name = "HelloLua iOS";
			productName = HelloLua;
			productReference = F293B3C815EB7BE500256477 /* HelloLua iOS.app */;
			productType = "com.apple.product-type.application";
		};
/* End PBXNativeTarget section */

/* Begin PBXProject section */
		F293B3BF15EB7BE500256477 /* Project object */ = {
			isa = PBXProject;
			attributes = {
				LastUpgradeCheck = 0500;
				TargetAttributes = {
					F293B3C715EB7BE500256477 = {
						DevelopmentTeam = MDDB52YB8L;
					};
				};
			};
			buildConfigurationList = F293B3C215EB7BE500256477 /* Build configuration list for PBXProject "HelloLua" */;
			compatibilityVersion = "Xcode 3.2";
			developmentRegion = English;
			hasScannedForEncodings = 0;
			knownRegions = (
				en,
			);
			mainGroup = F293B3BD15EB7BE500256477;
			productRefGroup = F293B3C915EB7BE500256477 /* Products */;
			projectDirPath = "";
			projectReferences = (
				{
					ProductGroup = 15A8A4041834BDA200142BE0 /* Products */;
					ProjectRef = 15A8A4031834BDA200142BE0 /* cocos2d_libs.xcodeproj */;
				},
				{
					ProductGroup = C03781AF18BF654500FE4F13 /* Products */;
					ProjectRef = C03781AE18BF654500FE4F13 /* cocos2d_lua_bindings.xcodeproj */;
				},
			);
			projectRoot = "";
			targets = (
				F293B3C715EB7BE500256477 /* HelloLua iOS */,
				5023812617EBBCE400990C9B /* HelloLua Mac */,
			);
		};
/* End PBXProject section */

/* Begin PBXReferenceProxy section */
		15A8A4171834BDA200142BE0 /* libcocos2dx Mac.a */ = {
			isa = PBXReferenceProxy;
			fileType = archive.ar;
			path = "libcocos2dx Mac.a";
			remoteRef = 15A8A4161834BDA200142BE0 /* PBXContainerItemProxy */;
			sourceTree = BUILT_PRODUCTS_DIR;
		};
		15A8A4191834BDA200142BE0 /* libcocos2dx-extensions Mac.a */ = {
			isa = PBXReferenceProxy;
			fileType = archive.ar;
			path = "libcocos2dx-extensions Mac.a";
			remoteRef = 15A8A4181834BDA200142BE0 /* PBXContainerItemProxy */;
			sourceTree = BUILT_PRODUCTS_DIR;
		};
		15A8A41B1834BDA200142BE0 /* libchipmunk Mac.a */ = {
			isa = PBXReferenceProxy;
			fileType = archive.ar;
			path = "libchipmunk Mac.a";
			remoteRef = 15A8A41A1834BDA200142BE0 /* PBXContainerItemProxy */;
			sourceTree = BUILT_PRODUCTS_DIR;
		};
		15A8A41D1834BDA200142BE0 /* libbox2d Mac.a */ = {
			isa = PBXReferenceProxy;
			fileType = archive.ar;
			path = "libbox2d Mac.a";
			remoteRef = 15A8A41C1834BDA200142BE0 /* PBXContainerItemProxy */;
			sourceTree = BUILT_PRODUCTS_DIR;
		};
		15A8A41F1834BDA200142BE0 /* libCocosDenshion Mac.a */ = {
			isa = PBXReferenceProxy;
			fileType = archive.ar;
			path = "libCocosDenshion Mac.a";
			remoteRef = 15A8A41E1834BDA200142BE0 /* PBXContainerItemProxy */;
			sourceTree = BUILT_PRODUCTS_DIR;
		};
		15A8A4251834BDA200142BE0 /* libcocos2dx iOS.a */ = {
			isa = PBXReferenceProxy;
			fileType = archive.ar;
			path = "libcocos2dx iOS.a";
			remoteRef = 15A8A4241834BDA200142BE0 /* PBXContainerItemProxy */;
			sourceTree = BUILT_PRODUCTS_DIR;
		};
		15A8A4271834BDA200142BE0 /* libcocos2dx-extensions iOS.a */ = {
			isa = PBXReferenceProxy;
			fileType = archive.ar;
			path = "libcocos2dx-extensions iOS.a";
			remoteRef = 15A8A4261834BDA200142BE0 /* PBXContainerItemProxy */;
			sourceTree = BUILT_PRODUCTS_DIR;
		};
		15A8A4291834BDA200142BE0 /* libchipmunk iOS.a */ = {
			isa = PBXReferenceProxy;
			fileType = archive.ar;
			path = "libchipmunk iOS.a";
			remoteRef = 15A8A4281834BDA200142BE0 /* PBXContainerItemProxy */;
			sourceTree = BUILT_PRODUCTS_DIR;
		};
		15A8A42B1834BDA200142BE0 /* libbox2d iOS.a */ = {
			isa = PBXReferenceProxy;
			fileType = archive.ar;
			path = "libbox2d iOS.a";
			remoteRef = 15A8A42A1834BDA200142BE0 /* PBXContainerItemProxy */;
			sourceTree = BUILT_PRODUCTS_DIR;
		};
		15A8A42D1834BDA200142BE0 /* libCocosDenshion iOS.a */ = {
			isa = PBXReferenceProxy;
			fileType = archive.ar;
			path = "libCocosDenshion iOS.a";
			remoteRef = 15A8A42C1834BDA200142BE0 /* PBXContainerItemProxy */;
			sourceTree = BUILT_PRODUCTS_DIR;
		};
		C03781B418BF654500FE4F13 /* libluabindings Mac.a */ = {
			isa = PBXReferenceProxy;
			fileType = archive.ar;
			path = "libluabindings Mac.a";
			remoteRef = C03781B318BF654500FE4F13 /* PBXContainerItemProxy */;
			sourceTree = BUILT_PRODUCTS_DIR;
		};
		C03781B618BF654500FE4F13 /* libluabindings iOS.a */ = {
			isa = PBXReferenceProxy;
			fileType = archive.ar;
			path = "libluabindings iOS.a";
			remoteRef = C03781B518BF654500FE4F13 /* PBXContainerItemProxy */;
			sourceTree = BUILT_PRODUCTS_DIR;
		};
/* End PBXReferenceProxy section */

/* Begin PBXResourcesBuildPhase section */
		5023814617EBBCE400990C9B /* Resources */ = {
			isa = PBXResourcesBuildPhase;
			buildActionMask = 2147483647;
			files = (
				C03781EE18BF656A00FE4F13 /* Opengl.lua in Resources */,
				C03781F018BF656A00FE4F13 /* OpenglConstants.lua in Resources */,
				C03781E418BF656A00FE4F13 /* extern.lua in Resources */,
				C03781E618BF656A00FE4F13 /* GuiConstants.lua in Resources */,
				C08D5D6118E567C6009071A4 /* mime.lua in Resources */,
				C03781D418BF656A00FE4F13 /* Cocos2d.lua in Resources */,
				C03781BA18BF655400FE4F13 /* res in Resources */,
				C09BA7E718BC929700A85A3E /* WorkSpaceDialog.xib in Resources */,
				C03781BC18BF655400FE4F13 /* src in Resources */,
				C08D5D6918E567C6009071A4 /* url.lua in Resources */,
				C03781E218BF656A00FE4F13 /* DrawPrimitives.lua in Resources */,
				C08D5D6318E567C6009071A4 /* smtp.lua in Resources */,
				C08D5D5718E567C6009071A4 /* ftp.lua in Resources */,
				C08D5D5B18E567C6009071A4 /* http.lua in Resources */,
				C03781DA18BF656A00FE4F13 /* Deprecated.lua in Resources */,
				C03781E018BF656A00FE4F13 /* DeprecatedOpenglEnum.lua in Resources */,
				C08D5D6518E567C6009071A4 /* socket.lua in Resources */,
				C08D5D5D18E567C6009071A4 /* ltn12.lua in Resources */,
				C03781EC18BF656A00FE4F13 /* luaoc.lua in Resources */,
				C07828F918B4D72E00BD2287 /* MainMenu.xib in Resources */,
				5023817617EBBE3400990C9B /* Icon.icns in Resources */,
				C03781D218BF656A00FE4F13 /* CCBReaderLoad.lua in Resources */,
				C08D5D5F18E567C6009071A4 /* mbox.lua in Resources */,
				C03781D018BF656A00FE4F13 /* AudioEngine.lua in Resources */,
				C03781D818BF656A00FE4F13 /* CocoStudio.lua in Resources */,
				C08D5D5918E567C6009071A4 /* headers.lua in Resources */,
				C03781DC18BF656A00FE4F13 /* DeprecatedClass.lua in Resources */,
				C08D5D6718E567C6009071A4 /* tp.lua in Resources */,
				C03781F218BF656A00FE4F13 /* StudioConstants.lua in Resources */,
				C03781EA18BF656A00FE4F13 /* luaj.lua in Resources */,
				C03781DE18BF656A00FE4F13 /* DeprecatedEnum.lua in Resources */,
				C03781E818BF656A00FE4F13 /* json.lua in Resources */,
				C03781D618BF656A00FE4F13 /* Cocos2dConstants.lua in Resources */,
			);
			runOnlyForDeploymentPostprocessing = 0;
		};
		F293B3C615EB7BE500256477 /* Resources */ = {
			isa = PBXResourcesBuildPhase;
			buildActionMask = 2147483647;
			files = (
				15A8A4491834C64F00142BE0 /* Icon-114.png in Resources */,
				C08D5D5618E567C6009071A4 /* ftp.lua in Resources */,
				C08D5D5C18E567C6009071A4 /* ltn12.lua in Resources */,
				C08D5D5E18E567C6009071A4 /* mbox.lua in Resources */,
				C03781DB18BF656A00FE4F13 /* DeprecatedClass.lua in Resources */,
				5023811D17EBBCAC00990C9B /* Icon-120.png in Resources */,
				5091733B17ECE17A00D62437 /* Icon-100.png in Resources */,
				C08D5D5818E567C6009071A4 /* headers.lua in Resources */,
				C03781E918BF656A00FE4F13 /* luaj.lua in Resources */,
				5023811B17EBBCAC00990C9B /* Default@2x.png in Resources */,
				5091733617ECE17A00D62437 /* Icon-29.png in Resources */,
				C08D5D6418E567C6009071A4 /* socket.lua in Resources */,
				C03781E718BF656A00FE4F13 /* json.lua in Resources */,
				C08D5D5A18E567C6009071A4 /* http.lua in Resources */,
				5023811917EBBCAC00990C9B /* Default-568h@2x.png in Resources */,
				C03781D318BF656A00FE4F13 /* Cocos2d.lua in Resources */,
				5091733917ECE17A00D62437 /* Icon-58.png in Resources */,
				C03781ED18BF656A00FE4F13 /* Opengl.lua in Resources */,
				C03781F118BF656A00FE4F13 /* StudioConstants.lua in Resources */,
				5023811F17EBBCAC00990C9B /* Icon-152.png in Resources */,
				C03781D118BF656A00FE4F13 /* CCBReaderLoad.lua in Resources */,
				5023812017EBBCAC00990C9B /* Icon-57.png in Resources */,
				C03781CF18BF656A00FE4F13 /* AudioEngine.lua in Resources */,
				C03781B918BF655400FE4F13 /* res in Resources */,
				C03781EF18BF656A00FE4F13 /* OpenglConstants.lua in Resources */,
				C03781E518BF656A00FE4F13 /* GuiConstants.lua in Resources */,
				5023812217EBBCAC00990C9B /* Icon-76.png in Resources */,
				C03781DF18BF656A00FE4F13 /* DeprecatedOpenglEnum.lua in Resources */,
				5091733A17ECE17A00D62437 /* Icon-80.png in Resources */,
				C08D5D6018E567C6009071A4 /* mime.lua in Resources */,
				5091733717ECE17A00D62437 /* Icon-40.png in Resources */,
				5023811E17EBBCAC00990C9B /* Icon-144.png in Resources */,
				5023811A17EBBCAC00990C9B /* Default.png in Resources */,
				C03781E118BF656A00FE4F13 /* DrawPrimitives.lua in Resources */,
				C08D5D6218E567C6009071A4 /* smtp.lua in Resources */,
				C03781BB18BF655400FE4F13 /* src in Resources */,
				C03781EB18BF656A00FE4F13 /* luaoc.lua in Resources */,
				5091733817ECE17A00D62437 /* Icon-50.png in Resources */,
				C03781D718BF656A00FE4F13 /* CocoStudio.lua in Resources */,
				C03781D518BF656A00FE4F13 /* Cocos2dConstants.lua in Resources */,
				C08D5D6618E567C6009071A4 /* tp.lua in Resources */,
				5023812117EBBCAC00990C9B /* Icon-72.png in Resources */,
				C08D5D6818E567C6009071A4 /* url.lua in Resources */,
				C03781DD18BF656A00FE4F13 /* DeprecatedEnum.lua in Resources */,
				C03781E318BF656A00FE4F13 /* extern.lua in Resources */,
				C03781D918BF656A00FE4F13 /* Deprecated.lua in Resources */,
			);
			runOnlyForDeploymentPostprocessing = 0;
		};
/* End PBXResourcesBuildPhase section */

/* Begin PBXSourcesBuildPhase section */
		5023813117EBBCE400990C9B /* Sources */ = {
			isa = PBXSourcesBuildPhase;
			buildActionMask = 2147483647;
			files = (
				C07828FA18B4D72E00BD2287 /* SimulatorApp.mm in Sources */,
				5023813317EBBCE400990C9B /* AppDelegate.cpp in Sources */,
				C09BA7EE18BCA49600A85A3E /* NSAppSheetAdditions.m in Sources */,
				C07828FE18B4DC7000BD2287 /* Runtime.cpp in Sources */,
				C09BA7E818BC929700A85A3E /* WorkSpaceDialogController.mm in Sources */,
				C07828F818B4D72E00BD2287 /* main.m in Sources */,
				C0619CD81896894800872C26 /* Runtime_ios-mac.mm in Sources */,
			);
			runOnlyForDeploymentPostprocessing = 0;
		};
		F293B3C415EB7BE500256477 /* Sources */ = {
			isa = PBXSourcesBuildPhase;
			buildActionMask = 2147483647;
			files = (
				5023812517EBBCAC00990C9B /* RootViewController.mm in Sources */,
				F293BB9C15EB831F00256477 /* AppDelegate.cpp in Sources */,
				5023812417EBBCAC00990C9B /* main.m in Sources */,
				C0619CD71896894800872C26 /* Runtime_ios-mac.mm in Sources */,
				C07828FD18B4DC6F00BD2287 /* Runtime.cpp in Sources */,
				5023811817EBBCAC00990C9B /* AppController.mm in Sources */,
			);
			runOnlyForDeploymentPostprocessing = 0;
		};
/* End PBXSourcesBuildPhase section */

/* Begin PBXTargetDependency section */
		C03781F418BF659D00FE4F13 /* PBXTargetDependency */ = {
			isa = PBXTargetDependency;
			name = "luabindings Mac";
			targetProxy = C03781F318BF659D00FE4F13 /* PBXContainerItemProxy */;
		};
		C03781F818BF65B500FE4F13 /* PBXTargetDependency */ = {
			isa = PBXTargetDependency;
			name = "luabindings iOS";
			targetProxy = C03781F718BF65B500FE4F13 /* PBXContainerItemProxy */;
		};
		C0A2F02718975FD30072A7AB /* PBXTargetDependency */ = {
			isa = PBXTargetDependency;
			name = "chipmunk Mac";
			targetProxy = C0A2F02618975FD30072A7AB /* PBXContainerItemProxy */;
		};
		C0A2F03918975FDA0072A7AB /* PBXTargetDependency */ = {
			isa = PBXTargetDependency;
			name = "box2d Mac";
			targetProxy = C0A2F03818975FDA0072A7AB /* PBXContainerItemProxy */;
		};
		C0A2F03B18975FE20072A7AB /* PBXTargetDependency */ = {
			isa = PBXTargetDependency;
			name = "cocos2dx-extensions Mac";
			targetProxy = C0A2F03A18975FE20072A7AB /* PBXContainerItemProxy */;
		};
		C0A2F03D18975FEB0072A7AB /* PBXTargetDependency */ = {
			isa = PBXTargetDependency;
			name = "CocosDenshion Mac";
			targetProxy = C0A2F03C18975FEB0072A7AB /* PBXContainerItemProxy */;
		};
		C0A2F04118975FF80072A7AB /* PBXTargetDependency */ = {
			isa = PBXTargetDependency;
			name = "cocos2dx Mac";
			targetProxy = C0A2F04018975FF80072A7AB /* PBXContainerItemProxy */;
		};
		C0A2F0431897600E0072A7AB /* PBXTargetDependency */ = {
			isa = PBXTargetDependency;
			name = "cocos2dx iOS";
			targetProxy = C0A2F0421897600E0072A7AB /* PBXContainerItemProxy */;
		};
		C0A2F0451897600E0072A7AB /* PBXTargetDependency */ = {
			isa = PBXTargetDependency;
			name = "cocos2dx-extensions iOS";
			targetProxy = C0A2F0441897600E0072A7AB /* PBXContainerItemProxy */;
		};
		C0A2F0471897600E0072A7AB /* PBXTargetDependency */ = {
			isa = PBXTargetDependency;
			name = "chipmunk iOS";
			targetProxy = C0A2F0461897600E0072A7AB /* PBXContainerItemProxy */;
		};
		C0A2F0491897600E0072A7AB /* PBXTargetDependency */ = {
			isa = PBXTargetDependency;
			name = "box2d iOS";
			targetProxy = C0A2F0481897600E0072A7AB /* PBXContainerItemProxy */;
		};
		C0A2F04B1897600E0072A7AB /* PBXTargetDependency */ = {
			isa = PBXTargetDependency;
			name = "CocosDenshion iOS";
			targetProxy = C0A2F04A1897600E0072A7AB /* PBXContainerItemProxy */;
		};
/* End PBXTargetDependency section */

/* Begin XCBuildConfiguration section */
		5023816917EBBCE400990C9B /* Debug */ = {
			isa = XCBuildConfiguration;
			buildSettings = {
				ALWAYS_SEARCH_USER_PATHS = YES;
				ARCHS = "$(ARCHS_STANDARD_64_BIT)";
				COMBINE_HIDPI_IMAGES = YES;
				GCC_DYNAMIC_NO_PIC = NO;
				GCC_PRECOMPILE_PREFIX_HEADER = YES;
				GCC_PREFIX_HEADER = mac/Prefix.pch;
				GCC_PREPROCESSOR_DEFINITIONS = (
					GLFW_EXPOSE_NATIVE_COCOA,
					GLFW_EXPOSE_NATIVE_NSGL,
					CC_TARGET_OS_MAC,
					"$(inherited)",
				);
				HEADER_SEARCH_PATHS = "";
				INFOPLIST_FILE = mac/Info.plist;
				LIBRARY_SEARCH_PATHS = "";
				OTHER_LDFLAGS = (
					"-image_base",
					100000000,
					"-pagezero_size",
					10000,
				);
				SDKROOT = macosx;
				USER_HEADER_SEARCH_PATHS = "$(inherited) $(SRCROOT)/../../cocos2d-x/cocos/2d/platform/mac $(SRCROOT)/../../cocos2d-x/external/glfw3/include/mac";
			};
			name = Debug;
		};
		5023816A17EBBCE400990C9B /* Release */ = {
			isa = XCBuildConfiguration;
			buildSettings = {
				ALWAYS_SEARCH_USER_PATHS = YES;
				ARCHS = "$(ARCHS_STANDARD_64_BIT)";
				COMBINE_HIDPI_IMAGES = YES;
				GCC_PRECOMPILE_PREFIX_HEADER = YES;
				GCC_PREFIX_HEADER = mac/Prefix.pch;
				GCC_PREPROCESSOR_DEFINITIONS = (
					CC_TARGET_OS_MAC,
					"$(inherited)",
				);
				HEADER_SEARCH_PATHS = "";
				INFOPLIST_FILE = mac/Info.plist;
				LIBRARY_SEARCH_PATHS = "";
				OTHER_LDFLAGS = (
					"-image_base",
					100000000,
					"-pagezero_size",
					10000,
				);
				SDKROOT = macosx;
				USER_HEADER_SEARCH_PATHS = "$(inherited) $(SRCROOT)/../../cocos2d-x/cocos/2d/platform/mac $(SRCROOT)/../../cocos2d-x/external/glfw3/include/mac";
			};
			name = Release;
		};
		F293B6C215EB7BEA00256477 /* Debug */ = {
			isa = XCBuildConfiguration;
			buildSettings = {
				CLANG_CXX_LANGUAGE_STANDARD = "c++0x";
				CLANG_CXX_LIBRARY = "libc++";
				COPY_PHASE_STRIP = NO;
				GCC_C_LANGUAGE_STANDARD = c99;
				GCC_OPTIMIZATION_LEVEL = 0;
				GCC_PREPROCESSOR_DEFINITIONS = (
					DEBUG,
					"COCOS2D_DEBUG=1",
					USE_FILE32API,
					"CC_LUA_ENGINE_ENABLED=1",
					"CC_ENABLE_CHIPMUNK_INTEGRATION=1",
					GLFW_EXPOSE_NATIVE_COCOA,
				);
				GCC_SYMBOLS_PRIVATE_EXTERN = NO;
				GCC_WARN_ABOUT_RETURN_TYPE = YES;
				GCC_WARN_UNUSED_VARIABLE = YES;
				HEADER_SEARCH_PATHS = "";
				ONLY_ACTIVE_ARCH = YES;
				PRODUCT_NAME = "$(TARGET_NAME)";
				USER_HEADER_SEARCH_PATHS = "$(SRCROOT)/../../cocos2d-x $(SRCROOT)/../../cocos2d-x/cocos $(SRCROOT)/../../cocos2d-x/cocos/base $(SRCROOT)/../../cocos2d-x/cocos/physics $(SRCROOT)/../../cocos2d-x/cocos/math/kazmath $(SRCROOT)/../../cocos2d-x/cocos/2d $(SRCROOT)/../../cocos2d-x/cocos/ui $(SRCROOT)/../../cocos2d-x/cocos/network $(SRCROOT)/../../cocos2d-x/cocos/audio/include $(SRCROOT)/../../cocos2d-x/cocos/editor-support $(SRCROOT)/../../cocos2d-x/extensions $(SRCROOT)/../../cocos2d-x/external $(SRCROOT)/../../cocos2d-x/external/chipmunk/include/chipmunk $(SRCROOT)/../../cocos2d-x/external/lua/luajit/include $(SRCROOT)/../../cocos2d-x/external/lua/tolua $(SRCROOT)/../../cocos2d-x/cocos/scripting/lua-bindings/manual $(SRCROOT)/../../cocos2d-x/cocos/scripting/lua-bindings/auto";
			};
			name = Debug;
		};
		F293B6C315EB7BEA00256477 /* Release */ = {
			isa = XCBuildConfiguration;
			buildSettings = {
				CLANG_CXX_LANGUAGE_STANDARD = "c++0x";
				CLANG_CXX_LIBRARY = "libc++";
				GCC_C_LANGUAGE_STANDARD = c99;
				GCC_PREPROCESSOR_DEFINITIONS = (
					NDEBUG,
					USE_FILE32API,
					"CC_LUA_ENGINE_ENABLED=1",
					"CC_ENABLE_CHIPMUNK_INTEGRATION=1",
				);
				GCC_WARN_ABOUT_RETURN_TYPE = YES;
				GCC_WARN_UNUSED_VARIABLE = YES;
				HEADER_SEARCH_PATHS = "";
				OTHER_CFLAGS = "-DNS_BLOCK_ASSERTIONS=1";
				PRODUCT_NAME = "$(TARGET_NAME)";
				USER_HEADER_SEARCH_PATHS = "$(SRCROOT)/../../cocos2d-x $(SRCROOT)/../../cocos2d-x/cocos $(SRCROOT)/../../cocos2d-x/cocos/base $(SRCROOT)/../../cocos2d-x/cocos/physics $(SRCROOT)/../../cocos2d-x/cocos/math/kazmath $(SRCROOT)/../../cocos2d-x/cocos/2d $(SRCROOT)/../../cocos2d-x/cocos/ui $(SRCROOT)/../../cocos2d-x/cocos/network $(SRCROOT)/../../cocos2d-x/cocos/audio/include $(SRCROOT)/../../cocos2d-x/cocos/editor-support $(SRCROOT)/../../cocos2d-x/extensions $(SRCROOT)/../../cocos2d-x/external $(SRCROOT)/../../cocos2d-x/external/chipmunk/include/chipmunk $(SRCROOT)/../../cocos2d-x/external/lua/luajit/include $(SRCROOT)/../../cocos2d-x/external/lua/tolua $(SRCROOT)/../../cocos2d-x/cocos/scripting/lua-bindings/manual $(SRCROOT)/../../cocos2d-x/cocos/scripting/lua-bindings/auto";
				VALIDATE_PRODUCT = YES;
			};
			name = Release;
		};
		F293B6C515EB7BEA00256477 /* Debug */ = {
			isa = XCBuildConfiguration;
			buildSettings = {
				ALWAYS_SEARCH_USER_PATHS = YES;
				CODE_SIGN_IDENTITY = "iPhone Developer";
				COMPRESS_PNG_FILES = NO;
				GCC_DYNAMIC_NO_PIC = NO;
				GCC_PRECOMPILE_PREFIX_HEADER = YES;
				GCC_PREFIX_HEADER = ios/Prefix.pch;
				GCC_PREPROCESSOR_DEFINITIONS = (
					CC_TARGET_OS_IPHONE,
					"$(inherited)",
				);
				HEADER_SEARCH_PATHS = "";
				INFOPLIST_FILE = ios/Info.plist;
				IPHONEOS_DEPLOYMENT_TARGET = 5.0;
				LIBRARY_SEARCH_PATHS = "";
				SDKROOT = iphoneos;
				TARGETED_DEVICE_FAMILY = "1,2";
				USER_HEADER_SEARCH_PATHS = "$(inherited) $(SRCROOT)/../../cocos2d-x/cocos/2d/platform/ios";
			};
			name = Debug;
		};
		F293B6C615EB7BEA00256477 /* Release */ = {
			isa = XCBuildConfiguration;
			buildSettings = {
				ALWAYS_SEARCH_USER_PATHS = YES;
				CODE_SIGN_IDENTITY = "iPhone Developer";
				COMPRESS_PNG_FILES = NO;
				GCC_PRECOMPILE_PREFIX_HEADER = YES;
				GCC_PREFIX_HEADER = ios/Prefix.pch;
				GCC_PREPROCESSOR_DEFINITIONS = (
					CC_TARGET_OS_IPHONE,
					"$(inherited)",
				);
				HEADER_SEARCH_PATHS = "";
				INFOPLIST_FILE = ios/Info.plist;
				IPHONEOS_DEPLOYMENT_TARGET = 5.0;
				LIBRARY_SEARCH_PATHS = "";
				SDKROOT = iphoneos;
				TARGETED_DEVICE_FAMILY = "1,2";
				USER_HEADER_SEARCH_PATHS = "$(inherited) $(SRCROOT)/../../cocos2d-x/cocos/2d/platform/ios";
			};
			name = Release;
		};
/* End XCBuildConfiguration section */

/* Begin XCConfigurationList section */
		5023816817EBBCE400990C9B /* Build configuration list for PBXNativeTarget "HelloLua Mac" */ = {
			isa = XCConfigurationList;
			buildConfigurations = (
				5023816917EBBCE400990C9B /* Debug */,
				5023816A17EBBCE400990C9B /* Release */,
			);
			defaultConfigurationIsVisible = 0;
			defaultConfigurationName = Release;
		};
		F293B3C215EB7BE500256477 /* Build configuration list for PBXProject "HelloLua" */ = {
			isa = XCConfigurationList;
			buildConfigurations = (
				F293B6C215EB7BEA00256477 /* Debug */,
				F293B6C315EB7BEA00256477 /* Release */,
			);
			defaultConfigurationIsVisible = 0;
			defaultConfigurationName = Release;
		};
		F293B6C415EB7BEA00256477 /* Build configuration list for PBXNativeTarget "HelloLua iOS" */ = {
			isa = XCConfigurationList;
			buildConfigurations = (
				F293B6C515EB7BEA00256477 /* Debug */,
				F293B6C615EB7BEA00256477 /* Release */,
			);
			defaultConfigurationIsVisible = 0;
			defaultConfigurationName = Release;
		};
/* End XCConfigurationList section */
	};
	rootObject = F293B3BF15EB7BE500256477 /* Project object */;
}
